
Microsoft Visual Studio Solution File, Format Version 12.00
# Visual Studio Version 17
VisualStudioVersion = 17.0.31903.59
MinimumVisualStudioVersion = 10.0.40219.1
Project("{FAE04EC0-301F-11D3-BF4B-00C04F79EFBC}") = "Exc1", "Exc1\Exc1.csproj", "{FD0B2A2E-94FE-4103-BF1E-E1AC08936A41}"
EndProject
Project("{FAE04EC0-301F-11D3-BF4B-00C04F79EFBC}") = "Exc2", "Exc2\Exc2.csproj", "{2A0A987E-AABF-4542-915B-C4601F29A5C9}"
EndProject
Project("{FAE04EC0-301F-11D3-BF4B-00C04F79EFBC}") = "Exc3", "Exc3\Exc3.csproj", "{59662FBC-EE41-43AC-9552-D97F1ABD343D}"
EndProject
Project("{2150E333-8FDC-42A3-9474-1A3956D46DE8}") = "Aula6", "Aula6", "{524550B4-BF10-CBF7-EC8D-67BB0CC8CAF5}"
EndProject
Project("{FAE04EC0-301F-11D3-BF4B-00C04F79EFBC}") = "Exc1", "Aula6\Exc1\Exc1.csproj", "{49957DB6-DC9F-4ED4-91B5-C126857AFD18}"
EndProject
Project("{FAE04EC0-301F-11D3-BF4B-00C04F79EFBC}") = "Exc2", "Aula6\Exc2\Exc2.csproj", "{F31E5574-B0EF-4DEF-95C0-C695E500753C}"
EndProject
Project("{FAE04EC0-301F-11D3-BF4B-00C04F79EFBC}") = "Exc3", "Aula6\Exc3\Exc3.csproj", "{D76413BB-5AD6-4E18-8A44-600D3AB222CE}"
EndProject
Global
	GlobalSection(SolutionConfigurationPlatforms) = preSolution
		Debug|Any CPU = Debug|Any CPU
		Debug|x64 = Debug|x64
		Debug|x86 = Debug|x86
		Release|Any CPU = Release|Any CPU
		Release|x64 = Release|x64
		Release|x86 = Release|x86
	EndGlobalSection
	GlobalSection(ProjectConfigurationPlatforms) = postSolution
		{FD0B2A2E-94FE-4103-BF1E-E1AC08936A41}.Debug|Any CPU.ActiveCfg = Debug|Any CPU
		{FD0B2A2E-94FE-4103-BF1E-E1AC08936A41}.Debug|Any CPU.Build.0 = Debug|Any CPU
		{FD0B2A2E-94FE-4103-BF1E-E1AC08936A41}.Debug|x64.ActiveCfg = Debug|Any CPU
		{FD0B2A2E-94FE-4103-BF1E-E1AC08936A41}.Debug|x64.Build.0 = Debug|Any CPU
		{FD0B2A2E-94FE-4103-BF1E-E1AC08936A41}.Debug|x86.ActiveCfg = Debug|Any CPU
		{FD0B2A2E-94FE-4103-BF1E-E1AC08936A41}.Debug|x86.Build.0 = Debug|Any CPU
		{FD0B2A2E-94FE-4103-BF1E-E1AC08936A41}.Release|Any CPU.ActiveCfg = Release|Any CPU
		{FD0B2A2E-94FE-4103-BF1E-E1AC08936A41}.Release|Any CPU.Build.0 = Release|Any CPU
		{FD0B2A2E-94FE-4103-BF1E-E1AC08936A41}.Release|x64.ActiveCfg = Release|Any CPU
		{FD0B2A2E-94FE-4103-BF1E-E1AC08936A41}.Release|x64.Build.0 = Release|Any CPU
		{FD0B2A2E-94FE-4103-BF1E-E1AC08936A41}.Release|x86.ActiveCfg = Release|Any CPU
		{FD0B2A2E-94FE-4103-BF1E-E1AC08936A41}.Release|x86.Build.0 = Release|Any CPU
		{2A0A987E-AABF-4542-915B-C4601F29A5C9}.Debug|Any CPU.ActiveCfg = Debug|Any CPU
		{2A0A987E-AABF-4542-915B-C4601F29A5C9}.Debug|Any CPU.Build.0 = Debug|Any CPU
		{2A0A987E-AABF-4542-915B-C4601F29A5C9}.Debug|x64.ActiveCfg = Debug|Any CPU
		{2A0A987E-AABF-4542-915B-C4601F29A5C9}.Debug|x64.Build.0 = Debug|Any CPU
		{2A0A987E-AABF-4542-915B-C4601F29A5C9}.Debug|x86.ActiveCfg = Debug|Any CPU
		{2A0A987E-AABF-4542-915B-C4601F29A5C9}.Debug|x86.Build.0 = Debug|Any CPU
		{2A0A987E-AABF-4542-915B-C4601F29A5C9}.Release|Any CPU.ActiveCfg = Release|Any CPU
		{2A0A987E-AABF-4542-915B-C4601F29A5C9}.Release|Any CPU.Build.0 = Release|Any CPU
		{2A0A987E-AABF-4542-915B-C4601F29A5C9}.Release|x64.ActiveCfg = Release|Any CPU
		{2A0A987E-AABF-4542-915B-C4601F29A5C9}.Release|x64.Build.0 = Release|Any CPU
		{2A0A987E-AABF-4542-915B-C4601F29A5C9}.Release|x86.ActiveCfg = Release|Any CPU
		{2A0A987E-AABF-4542-915B-C4601F29A5C9}.Release|x86.Build.0 = Release|Any CPU
		{59662FBC-EE41-43AC-9552-D97F1ABD343D}.Debug|Any CPU.ActiveCfg = Debug|Any CPU
		{59662FBC-EE41-43AC-9552-D97F1ABD343D}.Debug|Any CPU.Build.0 = Debug|Any CPU
		{59662FBC-EE41-43AC-9552-D97F1ABD343D}.Debug|x64.ActiveCfg = Debug|Any CPU
		{59662FBC-EE41-43AC-9552-D97F1ABD343D}.Debug|x64.Build.0 = Debug|Any CPU
		{59662FBC-EE41-43AC-9552-D97F1ABD343D}.Debug|x86.ActiveCfg = Debug|Any CPU
		{59662FBC-EE41-43AC-9552-D97F1ABD343D}.Debug|x86.Build.0 = Debug|Any CPU
		{59662FBC-EE41-43AC-9552-D97F1ABD343D}.Release|Any CPU.ActiveCfg = Release|Any CPU
		{59662FBC-EE41-43AC-9552-D97F1ABD343D}.Release|Any CPU.Build.0 = Release|Any CPU
		{59662FBC-EE41-43AC-9552-D97F1ABD343D}.Release|x64.ActiveCfg = Release|Any CPU
		{59662FBC-EE41-43AC-9552-D97F1ABD343D}.Release|x64.Build.0 = Release|Any CPU
		{59662FBC-EE41-43AC-9552-D97F1ABD343D}.Release|x86.ActiveCfg = Release|Any CPU
		{59662FBC-EE41-43AC-9552-D97F1ABD343D}.Release|x86.Build.0 = Release|Any CPU
		{49957DB6-DC9F-4ED4-91B5-C126857AFD18}.Debug|Any CPU.ActiveCfg = Debug|Any CPU
		{49957DB6-DC9F-4ED4-91B5-C126857AFD18}.Debug|Any CPU.Build.0 = Debug|Any CPU
		{49957DB6-DC9F-4ED4-91B5-C126857AFD18}.Debug|x64.ActiveCfg = Debug|Any CPU
		{49957DB6-DC9F-4ED4-91B5-C126857AFD18}.Debug|x64.Build.0 = Debug|Any CPU
		{49957DB6-DC9F-4ED4-91B5-C126857AFD18}.Debug|x86.ActiveCfg = Debug|Any CPU
		{49957DB6-DC9F-4ED4-91B5-C126857AFD18}.Debug|x86.Build.0 = Debug|Any CPU
		{49957DB6-DC9F-4ED4-91B5-C126857AFD18}.Release|Any CPU.ActiveCfg = Release|Any CPU
		{49957DB6-DC9F-4ED4-91B5-C126857AFD18}.Release|Any CPU.Build.0 = Release|Any CPU
		{49957DB6-DC9F-4ED4-91B5-C126857AFD18}.Release|x64.ActiveCfg = Release|Any CPU
		{49957DB6-DC9F-4ED4-91B5-C126857AFD18}.Release|x64.Build.0 = Release|Any CPU
		{49957DB6-DC9F-4ED4-91B5-C126857AFD18}.Release|x86.ActiveCfg = Release|Any CPU
		{49957DB6-DC9F-4ED4-91B5-C126857AFD18}.Release|x86.Build.0 = Release|Any CPU
		{F31E5574-B0EF-4DEF-95C0-C695E500753C}.Debug|Any CPU.ActiveCfg = Debug|Any CPU
		{F31E5574-B0EF-4DEF-95C0-C695E500753C}.Debug|Any CPU.Build.0 = Debug|Any CPU
		{F31E5574-B0EF-4DEF-95C0-C695E500753C}.Debug|x64.ActiveCfg = Debug|Any CPU
		{F31E5574-B0EF-4DEF-95C0-C695E500753C}.Debug|x64.Build.0 = Debug|Any CPU
		{F31E5574-B0EF-4DEF-95C0-C695E500753C}.Debug|x86.ActiveCfg = Debug|Any CPU
		{F31E5574-B0EF-4DEF-95C0-C695E500753C}.Debug|x86.Build.0 = Debug|Any CPU
		{F31E5574-B0EF-4DEF-95C0-C695E500753C}.Release|Any CPU.ActiveCfg = Release|Any CPU
		{F31E5574-B0EF-4DEF-95C0-C695E500753C}.Release|Any CPU.Build.0 = Release|Any CPU
		{F31E5574-B0EF-4DEF-95C0-C695E500753C}.Release|x64.ActiveCfg = Release|Any CPU
		{F31E5574-B0EF-4DEF-95C0-C695E500753C}.Release|x64.Build.0 = Release|Any CPU
		{F31E5574-B0EF-4DEF-95C0-C695E500753C}.Release|x86.ActiveCfg = Release|Any CPU
		{F31E5574-B0EF-4DEF-95C0-C695E500753C}.Release|x86.Build.0 = Release|Any CPU
		{D76413BB-5AD6-4E18-8A44-600D3AB222CE}.Debug|Any CPU.ActiveCfg = Debug|Any CPU
		{D76413BB-5AD6-4E18-8A44-600D3AB222CE}.Debug|Any CPU.Build.0 = Debug|Any CPU
		{D76413BB-5AD6-4E18-8A44-600D3AB222CE}.Debug|x64.ActiveCfg = Debug|Any CPU
		{D76413BB-5AD6-4E18-8A44-600D3AB222CE}.Debug|x64.Build.0 = Debug|Any CPU
		{D76413BB-5AD6-4E18-8A44-600D3AB222CE}.Debug|x86.ActiveCfg = Debug|Any CPU
		{D76413BB-5AD6-4E18-8A44-600D3AB222CE}.Debug|x86.Build.0 = Debug|Any CPU
		{D76413BB-5AD6-4E18-8A44-600D3AB222CE}.Release|Any CPU.ActiveCfg = Release|Any CPU
		{D76413BB-5AD6-4E18-8A44-600D3AB222CE}.Release|Any CPU.Build.0 = Release|Any CPU
		{D76413BB-5AD6-4E18-8A44-600D3AB222CE}.Release|x64.ActiveCfg = Release|Any CPU
		{D76413BB-5AD6-4E18-8A44-600D3AB222CE}.Release|x64.Build.0 = Release|Any CPU
		{D76413BB-5AD6-4E18-8A44-600D3AB222CE}.Release|x86.ActiveCfg = Release|Any CPU
		{D76413BB-5AD6-4E18-8A44-600D3AB222CE}.Release|x86.Build.0 = Release|Any CPU
	EndGlobalSection
	GlobalSection(SolutionProperties) = preSolution
		HideSolutionNode = FALSE
	EndGlobalSection
	GlobalSection(NestedProjects) = preSolution
		{49957DB6-DC9F-4ED4-91B5-C126857AFD18} = {524550B4-BF10-CBF7-EC8D-67BB0CC8CAF5}
		{F31E5574-B0EF-4DEF-95C0-C695E500753C} = {524550B4-BF10-CBF7-EC8D-67BB0CC8CAF5}
		{D76413BB-5AD6-4E18-8A44-600D3AB222CE} = {524550B4-BF10-CBF7-EC8D-67BB0CC8CAF5}
	EndGlobalSection
EndGlobal
