
Microsoft Visual Studio Solution File, Format Version 12.00
# Visual Studio Version 17
VisualStudioVersion = 17.5.2.0
MinimumVisualStudioVersion = 10.0.40219.1
Project("{2150E333-8FDC-42A3-9474-1A3956D46DE8}") = "Aula4", "Aula4", "{86FFF915-A70D-6D22-BBC9-936E523449E4}"
EndProject
Project("{FAE04EC0-301F-11D3-BF4B-00C04F79EFBC}") = "Exc1", "Aula4\Exc1\Exc1.csproj", "{9C0A2F2E-8691-E279-D863-C829D5C0CED6}"
EndProject
Project("{FAE04EC0-301F-11D3-BF4B-00C04F79EFBC}") = "Exc2", "Aula4\Exc2\Exc2.csproj", "{D86D8FD0-8F1A-0E00-57D5-0ADB2E38109A}"
EndProject
Project("{FAE04EC0-301F-11D3-BF4B-00C04F79EFBC}") = "Exc3", "Aula4\Exc3\Exc3.csproj", "{E5766968-013F-20F2-CB10-E5033F33E2AE}"
EndProject
Project("{2150E333-8FDC-42A3-9474-1A3956D46DE8}") = "Aula5", "Aula5", "{C9C22370-D9A2-AC29-050F-7139BECDFD26}"
EndProject
Project("{FAE04EC0-301F-11D3-BF4B-00C04F79EFBC}") = "Exc1", "Aula5\Exc1\Exc1.csproj", "{491D591E-866C-4371-83C8-EE03306D18D5}"
EndProject
Project("{FAE04EC0-301F-11D3-BF4B-00C04F79EFBC}") = "Exc2", "Aula5\Exc2\Exc2.csproj", "{6F8286C5-6D84-4B36-B1E1-D3580BD3FADF}"
EndProject
Project("{FAE04EC0-301F-11D3-BF4B-00C04F79EFBC}") = "Exc3", "Aula5\Exc3\Exc3.csproj", "{66C35ED7-D6B8-4F9B-867A-EA693025F58A}"
EndProject
Project("{FAE04EC0-301F-11D3-BF4B-00C04F79EFBC}") = "Exc4", "Aula5\Exc4\Exc4.csproj", "{51A0D33B-990F-4415-BDE3-6E0E57B33664}"
EndProject
Project("{FAE04EC0-301F-11D3-BF4B-00C04F79EFBC}") = "Exc5", "Exc5\Exc5.csproj", "{DBEA11F9-8A02-429D-9F89-3C38167658C8}"
EndProject
Global
	GlobalSection(SolutionConfigurationPlatforms) = preSolution
		Debug|Any CPU = Debug|Any CPU
		Debug|x64 = Debug|x64
		Debug|x86 = Debug|x86
		Release|Any CPU = Release|Any CPU
		Release|x64 = Release|x64
		Release|x86 = Release|x86
	EndGlobalSection
	GlobalSection(ProjectConfigurationPlatforms) = postSolution
		{9C0A2F2E-8691-E279-D863-C829D5C0CED6}.Debug|Any CPU.ActiveCfg = Debug|Any CPU
		{9C0A2F2E-8691-E279-D863-C829D5C0CED6}.Debug|Any CPU.Build.0 = Debug|Any CPU
		{9C0A2F2E-8691-E279-D863-C829D5C0CED6}.Debug|x64.ActiveCfg = Debug|Any CPU
		{9C0A2F2E-8691-E279-D863-C829D5C0CED6}.Debug|x64.Build.0 = Debug|Any CPU
		{9C0A2F2E-8691-E279-D863-C829D5C0CED6}.Debug|x86.ActiveCfg = Debug|Any CPU
		{9C0A2F2E-8691-E279-D863-C829D5C0CED6}.Debug|x86.Build.0 = Debug|Any CPU
		{9C0A2F2E-8691-E279-D863-C829D5C0CED6}.Release|Any CPU.ActiveCfg = Release|Any CPU
		{9C0A2F2E-8691-E279-D863-C829D5C0CED6}.Release|Any CPU.Build.0 = Release|Any CPU
		{9C0A2F2E-8691-E279-D863-C829D5C0CED6}.Release|x64.ActiveCfg = Release|Any CPU
		{9C0A2F2E-8691-E279-D863-C829D5C0CED6}.Release|x64.Build.0 = Release|Any CPU
		{9C0A2F2E-8691-E279-D863-C829D5C0CED6}.Release|x86.ActiveCfg = Release|Any CPU
		{9C0A2F2E-8691-E279-D863-C829D5C0CED6}.Release|x86.Build.0 = Release|Any CPU
		{D86D8FD0-8F1A-0E00-57D5-0ADB2E38109A}.Debug|Any CPU.ActiveCfg = Debug|Any CPU
		{D86D8FD0-8F1A-0E00-57D5-0ADB2E38109A}.Debug|Any CPU.Build.0 = Debug|Any CPU
		{D86D8FD0-8F1A-0E00-57D5-0ADB2E38109A}.Debug|x64.ActiveCfg = Debug|Any CPU
		{D86D8FD0-8F1A-0E00-57D5-0ADB2E38109A}.Debug|x64.Build.0 = Debug|Any CPU
		{D86D8FD0-8F1A-0E00-57D5-0ADB2E38109A}.Debug|x86.ActiveCfg = Debug|Any CPU
		{D86D8FD0-8F1A-0E00-57D5-0ADB2E38109A}.Debug|x86.Build.0 = Debug|Any CPU
		{D86D8FD0-8F1A-0E00-57D5-0ADB2E38109A}.Release|Any CPU.ActiveCfg = Release|Any CPU
		{D86D8FD0-8F1A-0E00-57D5-0ADB2E38109A}.Release|Any CPU.Build.0 = Release|Any CPU
		{D86D8FD0-8F1A-0E00-57D5-0ADB2E38109A}.Release|x64.ActiveCfg = Release|Any CPU
		{D86D8FD0-8F1A-0E00-57D5-0ADB2E38109A}.Release|x64.Build.0 = Release|Any CPU
		{D86D8FD0-8F1A-0E00-57D5-0ADB2E38109A}.Release|x86.ActiveCfg = Release|Any CPU
		{D86D8FD0-8F1A-0E00-57D5-0ADB2E38109A}.Release|x86.Build.0 = Release|Any CPU
		{E5766968-013F-20F2-CB10-E5033F33E2AE}.Debug|Any CPU.ActiveCfg = Debug|Any CPU
		{E5766968-013F-20F2-CB10-E5033F33E2AE}.Debug|Any CPU.Build.0 = Debug|Any CPU
		{E5766968-013F-20F2-CB10-E5033F33E2AE}.Debug|x64.ActiveCfg = Debug|Any CPU
		{E5766968-013F-20F2-CB10-E5033F33E2AE}.Debug|x64.Build.0 = Debug|Any CPU
		{E5766968-013F-20F2-CB10-E5033F33E2AE}.Debug|x86.ActiveCfg = Debug|Any CPU
		{E5766968-013F-20F2-CB10-E5033F33E2AE}.Debug|x86.Build.0 = Debug|Any CPU
		{E5766968-013F-20F2-CB10-E5033F33E2AE}.Release|Any CPU.ActiveCfg = Release|Any CPU
		{E5766968-013F-20F2-CB10-E5033F33E2AE}.Release|Any CPU.Build.0 = Release|Any CPU
		{E5766968-013F-20F2-CB10-E5033F33E2AE}.Release|x64.ActiveCfg = Release|Any CPU
		{E5766968-013F-20F2-CB10-E5033F33E2AE}.Release|x64.Build.0 = Release|Any CPU
		{E5766968-013F-20F2-CB10-E5033F33E2AE}.Release|x86.ActiveCfg = Release|Any CPU
		{E5766968-013F-20F2-CB10-E5033F33E2AE}.Release|x86.Build.0 = Release|Any CPU
		{491D591E-866C-4371-83C8-EE03306D18D5}.Debug|Any CPU.ActiveCfg = Debug|Any CPU
		{491D591E-866C-4371-83C8-EE03306D18D5}.Debug|Any CPU.Build.0 = Debug|Any CPU
		{491D591E-866C-4371-83C8-EE03306D18D5}.Debug|x64.ActiveCfg = Debug|Any CPU
		{491D591E-866C-4371-83C8-EE03306D18D5}.Debug|x64.Build.0 = Debug|Any CPU
		{491D591E-866C-4371-83C8-EE03306D18D5}.Debug|x86.ActiveCfg = Debug|Any CPU
		{491D591E-866C-4371-83C8-EE03306D18D5}.Debug|x86.Build.0 = Debug|Any CPU
		{491D591E-866C-4371-83C8-EE03306D18D5}.Release|Any CPU.ActiveCfg = Release|Any CPU
		{491D591E-866C-4371-83C8-EE03306D18D5}.Release|Any CPU.Build.0 = Release|Any CPU
		{491D591E-866C-4371-83C8-EE03306D18D5}.Release|x64.ActiveCfg = Release|Any CPU
		{491D591E-866C-4371-83C8-EE03306D18D5}.Release|x64.Build.0 = Release|Any CPU
		{491D591E-866C-4371-83C8-EE03306D18D5}.Release|x86.ActiveCfg = Release|Any CPU
		{491D591E-866C-4371-83C8-EE03306D18D5}.Release|x86.Build.0 = Release|Any CPU
		{6F8286C5-6D84-4B36-B1E1-D3580BD3FADF}.Debug|Any CPU.ActiveCfg = Debug|Any CPU
		{6F8286C5-6D84-4B36-B1E1-D3580BD3FADF}.Debug|Any CPU.Build.0 = Debug|Any CPU
		{6F8286C5-6D84-4B36-B1E1-D3580BD3FADF}.Debug|x64.ActiveCfg = Debug|Any CPU
		{6F8286C5-6D84-4B36-B1E1-D3580BD3FADF}.Debug|x64.Build.0 = Debug|Any CPU
		{6F8286C5-6D84-4B36-B1E1-D3580BD3FADF}.Debug|x86.ActiveCfg = Debug|Any CPU
		{6F8286C5-6D84-4B36-B1E1-D3580BD3FADF}.Debug|x86.Build.0 = Debug|Any CPU
		{6F8286C5-6D84-4B36-B1E1-D3580BD3FADF}.Release|Any CPU.ActiveCfg = Release|Any CPU
		{6F8286C5-6D84-4B36-B1E1-D3580BD3FADF}.Release|Any CPU.Build.0 = Release|Any CPU
		{6F8286C5-6D84-4B36-B1E1-D3580BD3FADF}.Release|x64.ActiveCfg = Release|Any CPU
		{6F8286C5-6D84-4B36-B1E1-D3580BD3FADF}.Release|x64.Build.0 = Release|Any CPU
		{6F8286C5-6D84-4B36-B1E1-D3580BD3FADF}.Release|x86.ActiveCfg = Release|Any CPU
		{6F8286C5-6D84-4B36-B1E1-D3580BD3FADF}.Release|x86.Build.0 = Release|Any CPU
		{66C35ED7-D6B8-4F9B-867A-EA693025F58A}.Debug|Any CPU.ActiveCfg = Debug|Any CPU
		{66C35ED7-D6B8-4F9B-867A-EA693025F58A}.Debug|Any CPU.Build.0 = Debug|Any CPU
		{66C35ED7-D6B8-4F9B-867A-EA693025F58A}.Debug|x64.ActiveCfg = Debug|Any CPU
		{66C35ED7-D6B8-4F9B-867A-EA693025F58A}.Debug|x64.Build.0 = Debug|Any CPU
		{66C35ED7-D6B8-4F9B-867A-EA693025F58A}.Debug|x86.ActiveCfg = Debug|Any CPU
		{66C35ED7-D6B8-4F9B-867A-EA693025F58A}.Debug|x86.Build.0 = Debug|Any CPU
		{66C35ED7-D6B8-4F9B-867A-EA693025F58A}.Release|Any CPU.ActiveCfg = Release|Any CPU
		{66C35ED7-D6B8-4F9B-867A-EA693025F58A}.Release|Any CPU.Build.0 = Release|Any CPU
		{66C35ED7-D6B8-4F9B-867A-EA693025F58A}.Release|x64.ActiveCfg = Release|Any CPU
		{66C35ED7-D6B8-4F9B-867A-EA693025F58A}.Release|x64.Build.0 = Release|Any CPU
		{66C35ED7-D6B8-4F9B-867A-EA693025F58A}.Release|x86.ActiveCfg = Release|Any CPU
		{66C35ED7-D6B8-4F9B-867A-EA693025F58A}.Release|x86.Build.0 = Release|Any CPU
		{51A0D33B-990F-4415-BDE3-6E0E57B33664}.Debug|Any CPU.ActiveCfg = Debug|Any CPU
		{51A0D33B-990F-4415-BDE3-6E0E57B33664}.Debug|Any CPU.Build.0 = Debug|Any CPU
		{51A0D33B-990F-4415-BDE3-6E0E57B33664}.Debug|x64.ActiveCfg = Debug|Any CPU
		{51A0D33B-990F-4415-BDE3-6E0E57B33664}.Debug|x64.Build.0 = Debug|Any CPU
		{51A0D33B-990F-4415-BDE3-6E0E57B33664}.Debug|x86.ActiveCfg = Debug|Any CPU
		{51A0D33B-990F-4415-BDE3-6E0E57B33664}.Debug|x86.Build.0 = Debug|Any CPU
		{51A0D33B-990F-4415-BDE3-6E0E57B33664}.Release|Any CPU.ActiveCfg = Release|Any CPU
		{51A0D33B-990F-4415-BDE3-6E0E57B33664}.Release|Any CPU.Build.0 = Release|Any CPU
		{51A0D33B-990F-4415-BDE3-6E0E57B33664}.Release|x64.ActiveCfg = Release|Any CPU
		{51A0D33B-990F-4415-BDE3-6E0E57B33664}.Release|x64.Build.0 = Release|Any CPU
		{51A0D33B-990F-4415-BDE3-6E0E57B33664}.Release|x86.ActiveCfg = Release|Any CPU
		{51A0D33B-990F-4415-BDE3-6E0E57B33664}.Release|x86.Build.0 = Release|Any CPU
		{DBEA11F9-8A02-429D-9F89-3C38167658C8}.Debug|Any CPU.ActiveCfg = Debug|Any CPU
		{DBEA11F9-8A02-429D-9F89-3C38167658C8}.Debug|Any CPU.Build.0 = Debug|Any CPU
		{DBEA11F9-8A02-429D-9F89-3C38167658C8}.Debug|x64.ActiveCfg = Debug|Any CPU
		{DBEA11F9-8A02-429D-9F89-3C38167658C8}.Debug|x64.Build.0 = Debug|Any CPU
		{DBEA11F9-8A02-429D-9F89-3C38167658C8}.Debug|x86.ActiveCfg = Debug|Any CPU
		{DBEA11F9-8A02-429D-9F89-3C38167658C8}.Debug|x86.Build.0 = Debug|Any CPU
		{DBEA11F9-8A02-429D-9F89-3C38167658C8}.Release|Any CPU.ActiveCfg = Release|Any CPU
		{DBEA11F9-8A02-429D-9F89-3C38167658C8}.Release|Any CPU.Build.0 = Release|Any CPU
		{DBEA11F9-8A02-429D-9F89-3C38167658C8}.Release|x64.ActiveCfg = Release|Any CPU
		{DBEA11F9-8A02-429D-9F89-3C38167658C8}.Release|x64.Build.0 = Release|Any CPU
		{DBEA11F9-8A02-429D-9F89-3C38167658C8}.Release|x86.ActiveCfg = Release|Any CPU
		{DBEA11F9-8A02-429D-9F89-3C38167658C8}.Release|x86.Build.0 = Release|Any CPU
	EndGlobalSection
	GlobalSection(SolutionProperties) = preSolution
		HideSolutionNode = FALSE
	EndGlobalSection
	GlobalSection(NestedProjects) = preSolution
		{9C0A2F2E-8691-E279-D863-C829D5C0CED6} = {86FFF915-A70D-6D22-BBC9-936E523449E4}
		{D86D8FD0-8F1A-0E00-57D5-0ADB2E38109A} = {86FFF915-A70D-6D22-BBC9-936E523449E4}
		{E5766968-013F-20F2-CB10-E5033F33E2AE} = {86FFF915-A70D-6D22-BBC9-936E523449E4}
		{491D591E-866C-4371-83C8-EE03306D18D5} = {C9C22370-D9A2-AC29-050F-7139BECDFD26}
		{6F8286C5-6D84-4B36-B1E1-D3580BD3FADF} = {C9C22370-D9A2-AC29-050F-7139BECDFD26}
		{66C35ED7-D6B8-4F9B-867A-EA693025F58A} = {C9C22370-D9A2-AC29-050F-7139BECDFD26}
		{51A0D33B-990F-4415-BDE3-6E0E57B33664} = {C9C22370-D9A2-AC29-050F-7139BECDFD26}
	EndGlobalSection
	GlobalSection(ExtensibilityGlobals) = postSolution
		SolutionGuid = {89017091-227D-483D-9E50-9B34F2BA7D19}
	EndGlobalSection
EndGlobal
